
Microsoft Visual Studio Solution File, Format Version 12.00
# Visual Studio Version 17
VisualStudioVersion = 17.10.35122.118
MinimumVisualStudioVersion = 10.0.40219.1
Project("{FAE04EC0-301F-11D3-BF4B-00C04F79EFBC}") = "APPAPI", "APPAPI\APPAPI.csproj", "{4DE4EB23-4934-47D2-926A-17EEC6597B47}"
EndProject
Project("{FAE04EC0-301F-11D3-BF4B-00C04F79EFBC}") = "APPDATA", "APPDATA\APPDATA.csproj", "{B8E3F94D-3473-42B8-8951-3D0868747DCC}"
EndProject
Project("{FAE04EC0-301F-11D3-BF4B-00C04F79EFBC}") = "APPView", "APPView\APPView.csproj", "{B8BED047-1B09-4EC1-A504-8E165530EAA8}"
EndProject
Global
	GlobalSection(SolutionConfigurationPlatforms) = preSolution
		Debug|Any CPU = Debug|Any CPU
		Release|Any CPU = Release|Any CPU
	EndGlobalSection
	GlobalSection(ProjectConfigurationPlatforms) = postSolution
		{4DE4EB23-4934-47D2-926A-17EEC6597B47}.Debug|Any CPU.ActiveCfg = Debug|Any CPU
		{4DE4EB23-4934-47D2-926A-17EEC6597B47}.Debug|Any CPU.Build.0 = Debug|Any CPU
		{4DE4EB23-4934-47D2-926A-17EEC6597B47}.Release|Any CPU.ActiveCfg = Release|Any CPU
		{4DE4EB23-4934-47D2-926A-17EEC6597B47}.Release|Any CPU.Build.0 = Release|Any CPU
		{B8E3F94D-3473-42B8-8951-3D0868747DCC}.Debug|Any CPU.ActiveCfg = Debug|Any CPU
		{B8E3F94D-3473-42B8-8951-3D0868747DCC}.Debug|Any CPU.Build.0 = Debug|Any CPU
		{B8E3F94D-3473-42B8-8951-3D0868747DCC}.Release|Any CPU.ActiveCfg = Release|Any CPU
		{B8E3F94D-3473-42B8-8951-3D0868747DCC}.Release|Any CPU.Build.0 = Release|Any CPU
		{B8BED047-1B09-4EC1-A504-8E165530EAA8}.Debug|Any CPU.ActiveCfg = Debug|Any CPU
		{B8BED047-1B09-4EC1-A504-8E165530EAA8}.Debug|Any CPU.Build.0 = Debug|Any CPU
		{B8BED047-1B09-4EC1-A504-8E165530EAA8}.Release|Any CPU.ActiveCfg = Release|Any CPU
		{B8BED047-1B09-4EC1-A504-8E165530EAA8}.Release|Any CPU.Build.0 = Release|Any CPU
	EndGlobalSection
	GlobalSection(SolutionProperties) = preSolution
		HideSolutionNode = FALSE
	EndGlobalSection
	GlobalSection(ExtensibilityGlobals) = postSolution
		SolutionGuid = {A84CC7CD-F521-4725-A1BD-6F89BDEE72EF}
	EndGlobalSection
EndGlobal
